{
  "lockfileVersion": 1,
  "workspaces": {
    "": {
      "name": "rslib-node-dual-ts",
      "devDependencies": {
        "@biomejs/biome": "2.0.0",
        "@rslib/core": "^0.10.4",
        "@types/node": "^22.15.33",
        "typescript": "^5.8.3",
      },
    },
  },
  "packages": {
    "@ast-grep/napi": ["@ast-grep/napi@0.37.0", "", { "optionalDependencies": { "@ast-grep/napi-darwin-arm64": "0.37.0", "@ast-grep/napi-darwin-x64": "0.37.0", "@ast-grep/napi-linux-arm64-gnu": "0.37.0", "@ast-grep/napi-linux-arm64-musl": "0.37.0", "@ast-grep/napi-linux-x64-gnu": "0.37.0", "@ast-grep/napi-linux-x64-musl": "0.37.0", "@ast-grep/napi-win32-arm64-msvc": "0.37.0", "@ast-grep/napi-win32-ia32-msvc": "0.37.0", "@ast-grep/napi-win32-x64-msvc": "0.37.0" } }, "sha512-Hb4o6h1Pf6yRUAX07DR4JVY7dmQw+RVQMW5/m55GoiAT/VRoKCWBtIUPPOnqDVhbx1Cjfil9b6EDrgJsUAujEQ=="],

    "@ast-grep/napi-darwin-arm64": ["@ast-grep/napi-darwin-arm64@0.37.0", "", { "os": "darwin", "cpu": "arm64" }, "sha512-QAiIiaAbLvMEg/yBbyKn+p1gX2/FuaC0SMf7D7capm/oG4xGMzdeaQIcSosF4TCxxV+hIH4Bz9e4/u7w6Bnk3Q=="],

    "@ast-grep/napi-darwin-x64": ["@ast-grep/napi-darwin-x64@0.37.0", "", { "os": "darwin", "cpu": "x64" }, "sha512-zvcvdgekd4ySV3zUbUp8HF5nk5zqwiMXTuVzTUdl/w08O7JjM6XPOIVT+d2o/MqwM9rsXdzdergY5oY2RdhSPA=="],

    "@ast-grep/napi-linux-arm64-gnu": ["@ast-grep/napi-linux-arm64-gnu@0.37.0", "", { "os": "linux", "cpu": "arm64" }, "sha512-L7Sj0lXy8X+BqSMgr1LB8cCoWk0rericdeu+dC8/c8zpsav5Oo2IQKY1PmiZ7H8IHoFBbURLf8iklY9wsD+cyA=="],

    "@ast-grep/napi-linux-arm64-musl": ["@ast-grep/napi-linux-arm64-musl@0.37.0", "", { "os": "linux", "cpu": "arm64" }, "sha512-LF9sAvYy6es/OdyJDO3RwkX3I82Vkfsng1sqUBcoWC1jVb1wX5YVzHtpQox9JrEhGl+bNp7FYxB4Qba9OdA5GA=="],

    "@ast-grep/napi-linux-x64-gnu": ["@ast-grep/napi-linux-x64-gnu@0.37.0", "", { "os": "linux", "cpu": "x64" }, "sha512-TViz5/klqre6aSmJzswEIjApnGjJzstG/SE8VDWsrftMBMYt2PTu3MeluZVwzSqDao8doT/P+6U11dU05UOgxw=="],

    "@ast-grep/napi-linux-x64-musl": ["@ast-grep/napi-linux-x64-musl@0.37.0", "", { "os": "linux", "cpu": "x64" }, "sha512-/BcCH33S9E3ovOAEoxYngUNXgb+JLg991sdyiNP2bSoYd30a9RHrG7CYwW6fMgua3ijQ474eV6cq9yZO1bCpXg=="],

    "@ast-grep/napi-win32-arm64-msvc": ["@ast-grep/napi-win32-arm64-msvc@0.37.0", "", { "os": "win32", "cpu": "arm64" }, "sha512-TjQA4cFoIEW2bgjLkaL9yqT4XWuuLa5MCNd0VCDhGRDMNQ9+rhwi9eLOWRaap3xzT7g+nlbcEHL3AkVCD2+b3A=="],

    "@ast-grep/napi-win32-ia32-msvc": ["@ast-grep/napi-win32-ia32-msvc@0.37.0", "", { "os": "win32", "cpu": "ia32" }, "sha512-uNmVka8fJCdYsyOlF9aZqQMLTatEYBynjChVTzUfFMDfmZ0bihs/YTqJVbkSm8TZM7CUX82apvn50z/dX5iWRA=="],

    "@ast-grep/napi-win32-x64-msvc": ["@ast-grep/napi-win32-x64-msvc@0.37.0", "", { "os": "win32", "cpu": "x64" }, "sha512-vCiFOT3hSCQuHHfZ933GAwnPzmL0G04JxQEsBRfqONywyT8bSdDc/ECpAfr3S9VcS4JZ9/F6tkePKW/Om2Dq2g=="],

    "@biomejs/biome": ["@biomejs/biome@2.0.0", "", { "optionalDependencies": { "@biomejs/cli-darwin-arm64": "2.0.0", "@biomejs/cli-darwin-x64": "2.0.0", "@biomejs/cli-linux-arm64": "2.0.0", "@biomejs/cli-linux-arm64-musl": "2.0.0", "@biomejs/cli-linux-x64": "2.0.0", "@biomejs/cli-linux-x64-musl": "2.0.0", "@biomejs/cli-win32-arm64": "2.0.0", "@biomejs/cli-win32-x64": "2.0.0" }, "bin": { "biome": "bin/biome" } }, "sha512-BlUoXEOI/UQTDEj/pVfnkMo8SrZw3oOWBDrXYFT43V7HTkIUDkBRY53IC5Jx1QkZbaB+0ai1wJIfYwp9+qaJTQ=="],

    "@biomejs/cli-darwin-arm64": ["@biomejs/cli-darwin-arm64@2.0.0", "", { "os": "darwin", "cpu": "arm64" }, "sha512-QvqWYtFFhhxdf8jMAdJzXW+Frc7X8XsnHQLY+TBM1fnT1TfeV/v9vsFI5L2J7GH6qN1+QEEJ19jHibCY2Ypplw=="],

    "@biomejs/cli-darwin-x64": ["@biomejs/cli-darwin-x64@2.0.0", "", { "os": "darwin", "cpu": "x64" }, "sha512-5JFhls1EfmuIH4QGFPlNpxJQFC6ic3X1ltcoLN+eSRRIPr6H/lUS1ttuD0Fj7rPgPhZqopK/jfH8UVj/1hIsQw=="],

    "@biomejs/cli-linux-arm64": ["@biomejs/cli-linux-arm64@2.0.0", "", { "os": "linux", "cpu": "arm64" }, "sha512-BAH4QVi06TzAbVchXdJPsL0Z/P87jOfes15rI+p3EX9/EGTfIjaQ9lBVlHunxcmoptaA5y1Hdb9UYojIhmnjIw=="],

    "@biomejs/cli-linux-arm64-musl": ["@biomejs/cli-linux-arm64-musl@2.0.0", "", { "os": "linux", "cpu": "arm64" }, "sha512-Bxsz8ki8+b3PytMnS5SgrGV+mbAWwIxI3ydChb/d1rURlJTMdxTTq5LTebUnlsUWAX6OvJuFeiVq9Gjn1YbCyA=="],

    "@biomejs/cli-linux-x64": ["@biomejs/cli-linux-x64@2.0.0", "", { "os": "linux", "cpu": "x64" }, "sha512-09PcOGYTtkopWRm6mZ/B6Mr6UHdkniUgIG/jLBv+2J8Z61ezRE+xQmpi3yNgUrFIAU4lPA9atg7mhvE/5Bo7Wg=="],

    "@biomejs/cli-linux-x64-musl": ["@biomejs/cli-linux-x64-musl@2.0.0", "", { "os": "linux", "cpu": "x64" }, "sha512-tiQ0ABxMJb9I6GlfNp0ulrTiQSFacJRJO8245FFwE3ty3bfsfxlU/miblzDIi+qNrgGsLq5wIZcVYGp4c+HXZA=="],

    "@biomejs/cli-win32-arm64": ["@biomejs/cli-win32-arm64@2.0.0", "", { "os": "win32", "cpu": "arm64" }, "sha512-vrTtuGu91xNTEQ5ZcMJBZuDlqr32DWU1r14UfePIGndF//s2WUAmer4FmgoPgruo76rprk37e8S2A2c0psXdxw=="],

    "@biomejs/cli-win32-x64": ["@biomejs/cli-win32-x64@2.0.0", "", { "os": "win32", "cpu": "x64" }, "sha512-2USVQ0hklNsph/KIR72ZdeptyXNnQ3JdzPn3NbjI4Sna34CnxeiYAaZcZzXPDl5PYNFBivV4xmvT3Z3rTmyDBg=="],

    "@emnapi/core": ["@emnapi/core@1.4.3", "", { "dependencies": { "@emnapi/wasi-threads": "1.0.2", "tslib": "^2.4.0" } }, "sha512-4m62DuCE07lw01soJwPiBGC0nAww0Q+RY70VZ+n49yDIO13yyinhbWCeNnaob0lakDtWQzSdtNWzJeOJt2ma+g=="],

    "@emnapi/runtime": ["@emnapi/runtime@1.4.3", "", { "dependencies": { "tslib": "^2.4.0" } }, "sha512-pBPWdu6MLKROBX05wSNKcNb++m5Er+KQ9QkB+WVM+pW2Kx9hoSrVTnu3BdkI5eBLZoKu/J6mW/B6i6bJB2ytXQ=="],

    "@emnapi/wasi-threads": ["@emnapi/wasi-threads@1.0.2", "", { "dependencies": { "tslib": "^2.4.0" } }, "sha512-5n3nTJblwRi8LlXkJ9eBzu+kZR8Yxcc7ubakyQTFzPMtIhFpUBRbsnc2Dv88IZDIbCDlBiWrknhB4Lsz7mg6BA=="],

    "@jridgewell/sourcemap-codec": ["@jridgewell/sourcemap-codec@1.5.4", "", {}, "sha512-VT2+G1VQs/9oz078bLrYbecdZKs912zQlkelYpuf+SXF+QvZDYJlbx/LSx+meSAwdDFnF8FVXW92AVjjkVmgFw=="],

    "@module-federation/error-codes": ["@module-federation/error-codes@0.15.0", "", {}, "sha512-CFJSF+XKwTcy0PFZ2l/fSUpR4z247+Uwzp1sXVkdIfJ/ATsnqf0Q01f51qqSEA6MYdQi6FKos9FIcu3dCpQNdg=="],

    "@module-federation/runtime": ["@module-federation/runtime@0.15.0", "", { "dependencies": { "@module-federation/error-codes": "0.15.0", "@module-federation/runtime-core": "0.15.0", "@module-federation/sdk": "0.15.0" } }, "sha512-dTPsCNum9Bhu3yPOcrPYq0YnM9eCMMMNB1wuiqf1+sFbQlNApF0vfZxooqz3ln0/MpgE0jerVvFsLVGfqvC9Ug=="],

    "@module-federation/runtime-core": ["@module-federation/runtime-core@0.15.0", "", { "dependencies": { "@module-federation/error-codes": "0.15.0", "@module-federation/sdk": "0.15.0" } }, "sha512-RYzI61fRDrhyhaEOXH3AgIGlHiot0wPFXu7F43cr+ZnTi+VlSYWLdlZ4NBuT9uV6JSmH54/c+tEZm5SXgKR2sQ=="],

    "@module-federation/runtime-tools": ["@module-federation/runtime-tools@0.15.0", "", { "dependencies": { "@module-federation/runtime": "0.15.0", "@module-federation/webpack-bundler-runtime": "0.15.0" } }, "sha512-kzFn3ObUeBp5vaEtN1WMxhTYBuYEErxugu1RzFUERD21X3BZ+b4cWwdFJuBDlsmVjctIg/QSOoZoPXRKAO0foA=="],

    "@module-federation/sdk": ["@module-federation/sdk@0.15.0", "", {}, "sha512-PWiYbGcJrKUD6JZiEPihrXhV3bgXdll4bV7rU+opV7tHaun+Z0CdcawjZ82Xnpb8MCPGmqHwa1MPFeUs66zksw=="],

    "@module-federation/webpack-bundler-runtime": ["@module-federation/webpack-bundler-runtime@0.15.0", "", { "dependencies": { "@module-federation/runtime": "0.15.0", "@module-federation/sdk": "0.15.0" } }, "sha512-i+3wu2Ljh2TmuUpsnjwZVupOVqV50jP0ndA8PSP4gwMKlgdGeaZ4VH5KkHAXGr2eiYUxYLMrJXz1+eILJqeGDg=="],

    "@napi-rs/wasm-runtime": ["@napi-rs/wasm-runtime@0.2.11", "", { "dependencies": { "@emnapi/core": "^1.4.3", "@emnapi/runtime": "^1.4.3", "@tybys/wasm-util": "^0.9.0" } }, "sha512-9DPkXtvHydrcOsopiYpUgPHpmj0HWZKMUnL2dZqpvC42lsratuBG06V5ipyno0fUek5VlFsNQ+AcFATSrJXgMA=="],

    "@rsbuild/core": ["@rsbuild/core@1.4.3", "", { "dependencies": { "@rspack/core": "1.4.2", "@rspack/lite-tapable": "~1.0.1", "@swc/helpers": "^0.5.17", "core-js": "~3.43.0", "jiti": "^2.4.2" }, "bin": { "rsbuild": "bin/rsbuild.js" } }, "sha512-97vmVaOXUxID85cVSDFHLFmDfeJTR4SoOHbn7kknkEeZFg3wHlDYhx+lbQPOZf+toHOm8d1w1LlunxVkCAdHLg=="],

    "@rslib/core": ["@rslib/core@0.10.4", "", { "dependencies": { "@rsbuild/core": "~1.4.0", "rsbuild-plugin-dts": "0.10.4", "tinyglobby": "^0.2.14" }, "peerDependencies": { "@microsoft/api-extractor": "^7", "typescript": "^5" }, "optionalPeers": ["@microsoft/api-extractor", "typescript"], "bin": { "rslib": "bin/rslib.js" } }, "sha512-/+cVo+orheZZyyALwyrOvYIRmd7dPKOrP4kfKQrr8VHwJlHS1975iW7/pSesmKT44Jv+wjmTWc5JZbjzCS5K0w=="],

    "@rspack/binding": ["@rspack/binding@1.4.2", "", { "optionalDependencies": { "@rspack/binding-darwin-arm64": "1.4.2", "@rspack/binding-darwin-x64": "1.4.2", "@rspack/binding-linux-arm64-gnu": "1.4.2", "@rspack/binding-linux-arm64-musl": "1.4.2", "@rspack/binding-linux-x64-gnu": "1.4.2", "@rspack/binding-linux-x64-musl": "1.4.2", "@rspack/binding-wasm32-wasi": "1.4.2", "@rspack/binding-win32-arm64-msvc": "1.4.2", "@rspack/binding-win32-ia32-msvc": "1.4.2", "@rspack/binding-win32-x64-msvc": "1.4.2" } }, "sha512-NdTLlA20ufD0thFvDIwwPk+bX9yo3TDE4XjfvZYbwFyYvBgqJOWQflnbwLgvSTck0MSTiOqWIqpR88ymAvWTqg=="],

    "@rspack/binding-darwin-arm64": ["@rspack/binding-darwin-arm64@1.4.2", "", { "os": "darwin", "cpu": "arm64" }, "sha512-0fPOew7D0l/x6qFZYdyUqutbw15K98VLvES2/7x2LPssTgypE4rVmnQSmVBnge3Nr8Qs/9qASPRpMWXBaqMfOA=="],

    "@rspack/binding-darwin-x64": ["@rspack/binding-darwin-x64@1.4.2", "", { "os": "darwin", "cpu": "x64" }, "sha512-0Dh6ssGgwnd9G+IO8SwQaJ0RJ8NkQbk4hwoJH/u52Mnfl0EvhmNvuhkbSEoKn1U3kElOA2cxH/3gbYzuYExn3g=="],

    "@rspack/binding-linux-arm64-gnu": ["@rspack/binding-linux-arm64-gnu@1.4.2", "", { "os": "linux", "cpu": "arm64" }, "sha512-UHAzggS8Mc7b3Xguhj82HwujLqBZquCeo8qJj5XreNaMKGb6YRw/91dJOVmkNiLCB0bj71CRE1Cocd+Peq3N9A=="],

    "@rspack/binding-linux-arm64-musl": ["@rspack/binding-linux-arm64-musl@1.4.2", "", { "os": "linux", "cpu": "arm64" }, "sha512-QybZ0VxlFih+upLoE7Le5cN3LpxJwk6EnEQTigmzpfc4c4SOC889ftBoIAO3IeBk+mF3H2C9xD+/NolTdwoeiw=="],

    "@rspack/binding-linux-x64-gnu": ["@rspack/binding-linux-x64-gnu@1.4.2", "", { "os": "linux", "cpu": "x64" }, "sha512-ucCCWdtH1tekZadrsYj6GNJ8EP21BM2uSE7MootbwLw8aBtgVTKUuRDQEps1h/rtrdthzd9XBX6Lc2N926gM+g=="],

    "@rspack/binding-linux-x64-musl": ["@rspack/binding-linux-x64-musl@1.4.2", "", { "os": "linux", "cpu": "x64" }, "sha512-+Y2LS6Qyk2AZor8DqlA8yKCqElYr0Urjc3M66O4ZzlxDT5xXX0J2vp04AtFp0g81q/+UgV3cbC//dqDvO0SiBA=="],

    "@rspack/binding-wasm32-wasi": ["@rspack/binding-wasm32-wasi@1.4.2", "", { "dependencies": { "@napi-rs/wasm-runtime": "^0.2.11" }, "cpu": "none" }, "sha512-3WvfHY7NvzORek3FcQWLI/B8wQ7NZe0e0Bub9GyLNVxe5Bi+dxnSzEg6E7VsjbUzKnYufJA0hDKbEJ2qCMvpdw=="],

    "@rspack/binding-win32-arm64-msvc": ["@rspack/binding-win32-arm64-msvc@1.4.2", "", { "os": "win32", "cpu": "arm64" }, "sha512-Y6L9DrLFRW6qBBCY3xBt7townStN5mlcbBTuG1zeXl0KcORPv1G1Cq6HXP6f1em+YsHE1iwnNqLvv4svg5KsnQ=="],

    "@rspack/binding-win32-ia32-msvc": ["@rspack/binding-win32-ia32-msvc@1.4.2", "", { "os": "win32", "cpu": "ia32" }, "sha512-FyTJrL7GcYXPWKUB9Oj2X29kfma6MUgM9PyXGy8gDMti21kMMhpHp/bGVqfurRbazDyklDuLLtbHuawpa6toeA=="],

    "@rspack/binding-win32-x64-msvc": ["@rspack/binding-win32-x64-msvc@1.4.2", "", { "os": "win32", "cpu": "x64" }, "sha512-ODSU26tmG8MfMFDHCaMLCORB64EVdEtDvPP5zJs0Mgh7vQaqweJtqgG0ukZCQy4ApUatOrMaZrLk557jp9Biyw=="],

    "@rspack/core": ["@rspack/core@1.4.2", "", { "dependencies": { "@module-federation/runtime-tools": "0.15.0", "@rspack/binding": "1.4.2", "@rspack/lite-tapable": "1.0.1" }, "peerDependencies": { "@swc/helpers": ">=0.5.1" }, "optionalPeers": ["@swc/helpers"] }, "sha512-Mmk3X3fbOLtRq4jX8Ebp3rfjr75YgupvNksQb0WbaGEVr5l1b6woPH/LaXF2v9U9DP83wmpZJXJ8vclB5JfL/w=="],

    "@rspack/lite-tapable": ["@rspack/lite-tapable@1.0.1", "", {}, "sha512-VynGOEsVw2s8TAlLf/uESfrgfrq2+rcXB1muPJYBWbsm1Oa6r5qVQhjA5ggM6z/coYPrsVMgovl3Ff7Q7OCp1w=="],

    "@swc/helpers": ["@swc/helpers@0.5.17", "", { "dependencies": { "tslib": "^2.8.0" } }, "sha512-5IKx/Y13RsYd+sauPb2x+U/xZikHjolzfuDgTAl/Tdf3Q8rslRvC19NKDLgAJQ6wsqADk10ntlv08nPFw/gO/A=="],

    "@tybys/wasm-util": ["@tybys/wasm-util@0.9.0", "", { "dependencies": { "tslib": "^2.4.0" } }, "sha512-6+7nlbMVX/PVDCwaIQ8nTOPveOcFLSt8GcXdx8hD0bt39uWxYT88uXzqTd4fTvqta7oeUJqudepapKNt2DYJFw=="],

    "@types/node": ["@types/node@22.16.0", "", { "dependencies": { "undici-types": "~6.21.0" } }, "sha512-B2egV9wALML1JCpv3VQoQ+yesQKAmNMBIAY7OteVrikcOcAkWm+dGL6qpeCktPjAv6N1JLnhbNiqS35UpFyBsQ=="],

    "core-js": ["core-js@3.43.0", "", {}, "sha512-N6wEbTTZSYOY2rYAn85CuvWWkCK6QweMn7/4Nr3w+gDBeBhk/x4EJeY6FPo4QzDoJZxVTv8U7CMvgWk6pOHHqA=="],

    "fdir": ["fdir@6.4.6", "", { "peerDependencies": { "picomatch": "^3 || ^4" }, "optionalPeers": ["picomatch"] }, "sha512-hiFoqpyZcfNm1yc4u8oWCf9A2c4D3QjCrks3zmoVKVxpQRzmPNar1hUJcBG2RQHvEVGDN+Jm81ZheVLAQMK6+w=="],

    "jiti": ["jiti@2.4.2", "", { "bin": { "jiti": "lib/jiti-cli.mjs" } }, "sha512-rg9zJN+G4n2nfJl5MW3BMygZX56zKPNVEYYqq7adpmMh4Jn2QNEwhvQlFy6jPVdcod7txZtKHWnyZiA3a0zP7A=="],

    "json5": ["json5@2.2.3", "", { "bin": { "json5": "lib/cli.js" } }, "sha512-XmOWe7eyHYH14cLdVPoyg+GOH3rYX++KpzrylJwSW98t3Nk+U8XOl8FWKOgwtzdb8lXGf6zYwDUzeHMWfxasyg=="],

    "magic-string": ["magic-string@0.30.17", "", { "dependencies": { "@jridgewell/sourcemap-codec": "^1.5.0" } }, "sha512-sNPKHvyjVf7gyjwS4xGTaW/mCnF8wnjtifKBEhxfZ7E/S8tQ0rssrwGNn6q8JH/ohItJfSQp9mBtQYuTlH5QnA=="],

    "minimist": ["minimist@1.2.8", "", {}, "sha512-2yyAR8qBkN3YuheJanUpWC5U3bb5osDywNB8RzDVlDwDHbocAJveqqj1u8+SVD7jkWT4yvsHCpWqqWqAxb0zCA=="],

    "picocolors": ["picocolors@1.1.1", "", {}, "sha512-xceH2snhtb5M9liqDsmEw56le376mTZkEX/jEb/RxNFyegNul7eNslCXP9FDj/Lcu0X8KEyMceP2ntpaHrDEVA=="],

    "picomatch": ["picomatch@4.0.2", "", {}, "sha512-M7BAV6Rlcy5u+m6oPhAPFgJTzAioX/6B0DxyvDlo9l8+T3nLKbrczg2WLUyzd45L8RqfUMyGPzekbMvX2Ldkwg=="],

    "rsbuild-plugin-dts": ["rsbuild-plugin-dts@0.10.4", "", { "dependencies": { "@ast-grep/napi": "0.37.0", "magic-string": "^0.30.17", "picocolors": "1.1.1", "tinyglobby": "^0.2.14", "tsconfig-paths": "^4.2.0" }, "peerDependencies": { "@microsoft/api-extractor": "^7", "@rsbuild/core": "1.x", "typescript": "^5" }, "optionalPeers": ["@microsoft/api-extractor", "typescript"] }, "sha512-/Zl9hgo1L2cpeKnMvAi0ws57Heo6X9wE07dUwdgb5NMEQSXQaHRv1eeRDKpzNYedaWl+yAIvL2IYK4GcCR0y4w=="],

    "strip-bom": ["strip-bom@3.0.0", "", {}, "sha512-vavAMRXOgBVNF6nyEEmL3DBK19iRpDcoIwW+swQ+CbGiu7lju6t+JklA1MHweoWtadgt4ISVUsXLyDq34ddcwA=="],

    "tinyglobby": ["tinyglobby@0.2.14", "", { "dependencies": { "fdir": "^6.4.4", "picomatch": "^4.0.2" } }, "sha512-tX5e7OM1HnYr2+a2C/4V0htOcSQcoSTH9KgJnVvNm5zm/cyEWKJ7j7YutsH9CxMdtOkkLFy2AHrMci9IM8IPZQ=="],

    "tsconfig-paths": ["tsconfig-paths@4.2.0", "", { "dependencies": { "json5": "^2.2.2", "minimist": "^1.2.6", "strip-bom": "^3.0.0" } }, "sha512-NoZ4roiN7LnbKn9QqE1amc9DJfzvZXxF4xDavcOWt1BPkdx+m+0gJuPM+S0vCe7zTJMYUP0R8pO2XMr+Y8oLIg=="],

    "tslib": ["tslib@2.8.1", "", {}, "sha512-oJFu94HQb+KVduSUQL7wnpmqnfmLsOA/nAh6b6EH0wCEoK0/mPeXU6c3wKDV83MkOuHPRHtSXKKU99IBazS/2w=="],

    "typescript": ["typescript@5.8.3", "", { "bin": { "tsc": "bin/tsc", "tsserver": "bin/tsserver" } }, "sha512-p1diW6TqL9L07nNxvRMM7hMMw4c5XOo/1ibL4aAIGmSAt9slTE1Xgw5KWuof2uTOvCg9BY7ZRi+GaF+7sfgPeQ=="],

    "undici-types": ["undici-types@6.21.0", "", {}, "sha512-iwDZqg0QAGrg9Rav5H4n0M64c3mkR59cJ6wQp+7C4nI0gsmExaedaYLNO44eT4AtBBwjbTiGPMlt2Md0T9H9JQ=="],
  }
}
