{
  "lockfileVersion": 1,
  "workspaces": {
    "": {
      "name": "rsbuild-vanilla-ts",
      "devDependencies": {
        "@rsbuild/core": "^1.4.2",
        "typescript": "^5.8.3",
      },
    },
  },
  "packages": {
    "@emnapi/core": ["@emnapi/core@1.4.3", "", { "dependencies": { "@emnapi/wasi-threads": "1.0.2", "tslib": "^2.4.0" } }, "sha512-4m62DuCE07lw01soJwPiBGC0nAww0Q+RY70VZ+n49yDIO13yyinhbWCeNnaob0lakDtWQzSdtNWzJeOJt2ma+g=="],

    "@emnapi/runtime": ["@emnapi/runtime@1.4.3", "", { "dependencies": { "tslib": "^2.4.0" } }, "sha512-pBPWdu6MLKROBX05wSNKcNb++m5Er+KQ9QkB+WVM+pW2Kx9hoSrVTnu3BdkI5eBLZoKu/J6mW/B6i6bJB2ytXQ=="],

    "@emnapi/wasi-threads": ["@emnapi/wasi-threads@1.0.2", "", { "dependencies": { "tslib": "^2.4.0" } }, "sha512-5n3nTJblwRi8LlXkJ9eBzu+kZR8Yxcc7ubakyQTFzPMtIhFpUBRbsnc2Dv88IZDIbCDlBiWrknhB4Lsz7mg6BA=="],

    "@module-federation/error-codes": ["@module-federation/error-codes@0.15.0", "", {}, "sha512-CFJSF+XKwTcy0PFZ2l/fSUpR4z247+Uwzp1sXVkdIfJ/ATsnqf0Q01f51qqSEA6MYdQi6FKos9FIcu3dCpQNdg=="],

    "@module-federation/runtime": ["@module-federation/runtime@0.15.0", "", { "dependencies": { "@module-federation/error-codes": "0.15.0", "@module-federation/runtime-core": "0.15.0", "@module-federation/sdk": "0.15.0" } }, "sha512-dTPsCNum9Bhu3yPOcrPYq0YnM9eCMMMNB1wuiqf1+sFbQlNApF0vfZxooqz3ln0/MpgE0jerVvFsLVGfqvC9Ug=="],

    "@module-federation/runtime-core": ["@module-federation/runtime-core@0.15.0", "", { "dependencies": { "@module-federation/error-codes": "0.15.0", "@module-federation/sdk": "0.15.0" } }, "sha512-RYzI61fRDrhyhaEOXH3AgIGlHiot0wPFXu7F43cr+ZnTi+VlSYWLdlZ4NBuT9uV6JSmH54/c+tEZm5SXgKR2sQ=="],

    "@module-federation/runtime-tools": ["@module-federation/runtime-tools@0.15.0", "", { "dependencies": { "@module-federation/runtime": "0.15.0", "@module-federation/webpack-bundler-runtime": "0.15.0" } }, "sha512-kzFn3ObUeBp5vaEtN1WMxhTYBuYEErxugu1RzFUERD21X3BZ+b4cWwdFJuBDlsmVjctIg/QSOoZoPXRKAO0foA=="],

    "@module-federation/sdk": ["@module-federation/sdk@0.15.0", "", {}, "sha512-PWiYbGcJrKUD6JZiEPihrXhV3bgXdll4bV7rU+opV7tHaun+Z0CdcawjZ82Xnpb8MCPGmqHwa1MPFeUs66zksw=="],

    "@module-federation/webpack-bundler-runtime": ["@module-federation/webpack-bundler-runtime@0.15.0", "", { "dependencies": { "@module-federation/runtime": "0.15.0", "@module-federation/sdk": "0.15.0" } }, "sha512-i+3wu2Ljh2TmuUpsnjwZVupOVqV50jP0ndA8PSP4gwMKlgdGeaZ4VH5KkHAXGr2eiYUxYLMrJXz1+eILJqeGDg=="],

    "@napi-rs/wasm-runtime": ["@napi-rs/wasm-runtime@0.2.11", "", { "dependencies": { "@emnapi/core": "^1.4.3", "@emnapi/runtime": "^1.4.3", "@tybys/wasm-util": "^0.9.0" } }, "sha512-9DPkXtvHydrcOsopiYpUgPHpmj0HWZKMUnL2dZqpvC42lsratuBG06V5ipyno0fUek5VlFsNQ+AcFATSrJXgMA=="],

    "@rsbuild/core": ["@rsbuild/core@1.4.3", "", { "dependencies": { "@rspack/core": "1.4.2", "@rspack/lite-tapable": "~1.0.1", "@swc/helpers": "^0.5.17", "core-js": "~3.43.0", "jiti": "^2.4.2" }, "bin": { "rsbuild": "bin/rsbuild.js" } }, "sha512-97vmVaOXUxID85cVSDFHLFmDfeJTR4SoOHbn7kknkEeZFg3wHlDYhx+lbQPOZf+toHOm8d1w1LlunxVkCAdHLg=="],

    "@rspack/binding": ["@rspack/binding@1.4.2", "", { "optionalDependencies": { "@rspack/binding-darwin-arm64": "1.4.2", "@rspack/binding-darwin-x64": "1.4.2", "@rspack/binding-linux-arm64-gnu": "1.4.2", "@rspack/binding-linux-arm64-musl": "1.4.2", "@rspack/binding-linux-x64-gnu": "1.4.2", "@rspack/binding-linux-x64-musl": "1.4.2", "@rspack/binding-wasm32-wasi": "1.4.2", "@rspack/binding-win32-arm64-msvc": "1.4.2", "@rspack/binding-win32-ia32-msvc": "1.4.2", "@rspack/binding-win32-x64-msvc": "1.4.2" } }, "sha512-NdTLlA20ufD0thFvDIwwPk+bX9yo3TDE4XjfvZYbwFyYvBgqJOWQflnbwLgvSTck0MSTiOqWIqpR88ymAvWTqg=="],

    "@rspack/binding-darwin-arm64": ["@rspack/binding-darwin-arm64@1.4.2", "", { "os": "darwin", "cpu": "arm64" }, "sha512-0fPOew7D0l/x6qFZYdyUqutbw15K98VLvES2/7x2LPssTgypE4rVmnQSmVBnge3Nr8Qs/9qASPRpMWXBaqMfOA=="],

    "@rspack/binding-darwin-x64": ["@rspack/binding-darwin-x64@1.4.2", "", { "os": "darwin", "cpu": "x64" }, "sha512-0Dh6ssGgwnd9G+IO8SwQaJ0RJ8NkQbk4hwoJH/u52Mnfl0EvhmNvuhkbSEoKn1U3kElOA2cxH/3gbYzuYExn3g=="],

    "@rspack/binding-linux-arm64-gnu": ["@rspack/binding-linux-arm64-gnu@1.4.2", "", { "os": "linux", "cpu": "arm64" }, "sha512-UHAzggS8Mc7b3Xguhj82HwujLqBZquCeo8qJj5XreNaMKGb6YRw/91dJOVmkNiLCB0bj71CRE1Cocd+Peq3N9A=="],

    "@rspack/binding-linux-arm64-musl": ["@rspack/binding-linux-arm64-musl@1.4.2", "", { "os": "linux", "cpu": "arm64" }, "sha512-QybZ0VxlFih+upLoE7Le5cN3LpxJwk6EnEQTigmzpfc4c4SOC889ftBoIAO3IeBk+mF3H2C9xD+/NolTdwoeiw=="],

    "@rspack/binding-linux-x64-gnu": ["@rspack/binding-linux-x64-gnu@1.4.2", "", { "os": "linux", "cpu": "x64" }, "sha512-ucCCWdtH1tekZadrsYj6GNJ8EP21BM2uSE7MootbwLw8aBtgVTKUuRDQEps1h/rtrdthzd9XBX6Lc2N926gM+g=="],

    "@rspack/binding-linux-x64-musl": ["@rspack/binding-linux-x64-musl@1.4.2", "", { "os": "linux", "cpu": "x64" }, "sha512-+Y2LS6Qyk2AZor8DqlA8yKCqElYr0Urjc3M66O4ZzlxDT5xXX0J2vp04AtFp0g81q/+UgV3cbC//dqDvO0SiBA=="],

    "@rspack/binding-wasm32-wasi": ["@rspack/binding-wasm32-wasi@1.4.2", "", { "dependencies": { "@napi-rs/wasm-runtime": "^0.2.11" }, "cpu": "none" }, "sha512-3WvfHY7NvzORek3FcQWLI/B8wQ7NZe0e0Bub9GyLNVxe5Bi+dxnSzEg6E7VsjbUzKnYufJA0hDKbEJ2qCMvpdw=="],

    "@rspack/binding-win32-arm64-msvc": ["@rspack/binding-win32-arm64-msvc@1.4.2", "", { "os": "win32", "cpu": "arm64" }, "sha512-Y6L9DrLFRW6qBBCY3xBt7townStN5mlcbBTuG1zeXl0KcORPv1G1Cq6HXP6f1em+YsHE1iwnNqLvv4svg5KsnQ=="],

    "@rspack/binding-win32-ia32-msvc": ["@rspack/binding-win32-ia32-msvc@1.4.2", "", { "os": "win32", "cpu": "ia32" }, "sha512-FyTJrL7GcYXPWKUB9Oj2X29kfma6MUgM9PyXGy8gDMti21kMMhpHp/bGVqfurRbazDyklDuLLtbHuawpa6toeA=="],

    "@rspack/binding-win32-x64-msvc": ["@rspack/binding-win32-x64-msvc@1.4.2", "", { "os": "win32", "cpu": "x64" }, "sha512-ODSU26tmG8MfMFDHCaMLCORB64EVdEtDvPP5zJs0Mgh7vQaqweJtqgG0ukZCQy4ApUatOrMaZrLk557jp9Biyw=="],

    "@rspack/core": ["@rspack/core@1.4.2", "", { "dependencies": { "@module-federation/runtime-tools": "0.15.0", "@rspack/binding": "1.4.2", "@rspack/lite-tapable": "1.0.1" }, "peerDependencies": { "@swc/helpers": ">=0.5.1" }, "optionalPeers": ["@swc/helpers"] }, "sha512-Mmk3X3fbOLtRq4jX8Ebp3rfjr75YgupvNksQb0WbaGEVr5l1b6woPH/LaXF2v9U9DP83wmpZJXJ8vclB5JfL/w=="],

    "@rspack/lite-tapable": ["@rspack/lite-tapable@1.0.1", "", {}, "sha512-VynGOEsVw2s8TAlLf/uESfrgfrq2+rcXB1muPJYBWbsm1Oa6r5qVQhjA5ggM6z/coYPrsVMgovl3Ff7Q7OCp1w=="],

    "@swc/helpers": ["@swc/helpers@0.5.17", "", { "dependencies": { "tslib": "^2.8.0" } }, "sha512-5IKx/Y13RsYd+sauPb2x+U/xZikHjolzfuDgTAl/Tdf3Q8rslRvC19NKDLgAJQ6wsqADk10ntlv08nPFw/gO/A=="],

    "@tybys/wasm-util": ["@tybys/wasm-util@0.9.0", "", { "dependencies": { "tslib": "^2.4.0" } }, "sha512-6+7nlbMVX/PVDCwaIQ8nTOPveOcFLSt8GcXdx8hD0bt39uWxYT88uXzqTd4fTvqta7oeUJqudepapKNt2DYJFw=="],

    "core-js": ["core-js@3.43.0", "", {}, "sha512-N6wEbTTZSYOY2rYAn85CuvWWkCK6QweMn7/4Nr3w+gDBeBhk/x4EJeY6FPo4QzDoJZxVTv8U7CMvgWk6pOHHqA=="],

    "jiti": ["jiti@2.4.2", "", { "bin": { "jiti": "lib/jiti-cli.mjs" } }, "sha512-rg9zJN+G4n2nfJl5MW3BMygZX56zKPNVEYYqq7adpmMh4Jn2QNEwhvQlFy6jPVdcod7txZtKHWnyZiA3a0zP7A=="],

    "tslib": ["tslib@2.8.1", "", {}, "sha512-oJFu94HQb+KVduSUQL7wnpmqnfmLsOA/nAh6b6EH0wCEoK0/mPeXU6c3wKDV83MkOuHPRHtSXKKU99IBazS/2w=="],

    "typescript": ["typescript@5.8.3", "", { "bin": { "tsc": "bin/tsc", "tsserver": "bin/tsserver" } }, "sha512-p1diW6TqL9L07nNxvRMM7hMMw4c5XOo/1ibL4aAIGmSAt9slTE1Xgw5KWuof2uTOvCg9BY7ZRi+GaF+7sfgPeQ=="],
  }
}
